<?xml version="1.0" encoding="UTF-8" standalone="yes" ?>
<CodeBlocks_project_file>
	<FileVersion major="1" minor="6" />
	<Project>
		<Option title="SpacePizza" />
		<Option pch_mode="2" />
		<Option compiler="gcc" />
		<Build>
			<Target title="Debug">
				<Option output="bin/Debug/SpacePizza" prefix_auto="1" extension_auto="1" />
				<Option object_output="obj/Debug/" />
				<Option type="1" />
				<Option compiler="gcc" />
				<Compiler>
					<Add option="-g" />
					<Add directory="include" />
				</Compiler>
				<Linker>
					<Add library="sfml-graphics" />
					<Add library="sfml-window" />
					<Add library="sfml-system" />
				</Linker>
			</Target>
			<Target title="Release">
				<Option output="bin/Release/SpacePizza" prefix_auto="1" extension_auto="1" />
				<Option object_output="obj/Release/" />
				<Option type="0" />
				<Option compiler="gcc" />
				<Compiler>
					<Add option="-O2" />
					<Add directory="include" />
				</Compiler>
				<Linker>
					<Add option="-s" />
					<Add library="sfml-graphics" />
					<Add library="sfml-window" />
					<Add library="sfml-system" />
				</Linker>
			</Target>
		</Build>
		<Compiler>
			<Add option="-Wall" />
		</Compiler>
		<Unit filename="cb.bmp" />
		<Unit filename="include/EFin.h" />
		<Unit filename="include/EJugando.h" />
		<Unit filename="include/EMenu.h" />
		<Unit filename="include/Enemigo.h" />
		<Unit filename="include/Item.h" />
		<Unit filename="include/Juego.h" />
		<Unit filename="include/Jugador.h" />
		<Unit filename="include/Mapa.h" />
		<Unit filename="include/MaquinaEstados.h" />
		<Unit filename="include/Mundo.h" />
		<Unit filename="include/PhysicsState.h" />
		<Unit filename="include/State.h" />
		<Unit filename="include/SuperSprite.h" />
		<Unit filename="lib/tinyxml/tinystr.cpp" />
		<Unit filename="lib/tinyxml/tinystr.h" />
		<Unit filename="lib/tinyxml/tinyxml.cpp" />
		<Unit filename="lib/tinyxml/tinyxml.h" />
		<Unit filename="lib/tinyxml/tinyxml2.cpp" />
		<Unit filename="lib/tinyxml/tinyxml2.h" />
		<Unit filename="lib/tinyxml/tinyxmlerror.cpp" />
		<Unit filename="lib/tinyxml/tinyxmlparser.cpp" />
		<Unit filename="main.cpp" />
		<Unit filename="src/EFin.cpp" />
		<Unit filename="src/EJugando.cpp" />
		<Unit filename="src/EMenu.cpp" />
		<Unit filename="src/Enemigo.cpp" />
		<Unit filename="src/Item.cpp" />
		<Unit filename="src/Juego.cpp" />
		<Unit filename="src/Jugador.cpp" />
		<Unit filename="src/Mapa.cpp" />
		<Unit filename="src/MaquinaEstados.cpp" />
		<Unit filename="src/Mundo.cpp" />
		<Unit filename="src/PhysicsState.cpp" />
		<Unit filename="src/SuperSprite.cpp" />
		<Extensions>
			<code_completion />
			<debugger />
		</Extensions>
	</Project>
</CodeBlocks_project_file>
